
Microsoft Visual Studio Solution File, Format Version 12.00
# Visual Studio Version 17
VisualStudioVersion = 17.5.33424.131
MinimumVisualStudioVersion = 10.0.40219.1
Project("{F2A71F9B-5D33-465A-A702-920D77279786}") = "calcul", "calcul\calcul.fsproj", "{788978CE-E0B1-4ED3-A26D-AE3B70EE04F2}"
EndProject
Global
	GlobalSection(SolutionConfigurationPlatforms) = preSolution
		Debug|Any CPU = Debug|Any CPU
		Release|Any CPU = Release|Any CPU
	EndGlobalSection
	GlobalSection(ProjectConfigurationPlatforms) = postSolution
		{788978CE-E0B1-4ED3-A26D-AE3B70EE04F2}.Debug|Any CPU.ActiveCfg = Debug|Any CPU
		{788978CE-E0B1-4ED3-A26D-AE3B70EE04F2}.Debug|Any CPU.Build.0 = Debug|Any CPU
		{788978CE-E0B1-4ED3-A26D-AE3B70EE04F2}.Release|Any CPU.ActiveCfg = Release|Any CPU
		{788978CE-E0B1-4ED3-A26D-AE3B70EE04F2}.Release|Any CPU.Build.0 = Release|Any CPU
	EndGlobalSection
	GlobalSection(SolutionProperties) = preSolution
		HideSolutionNode = FALSE
	EndGlobalSection
	GlobalSection(ExtensibilityGlobals) = postSolution
		SolutionGuid = {C9BADB64-44FD-4AB0-80BB-9CE2D2F13F77}
	EndGlobalSection
EndGlobal
